{
  "nodes": {
    "darwin": {
      "inputs": {
        "nixpkgs": [
          "nixpkgs"
        ]
      },
      "locked": {
        "lastModified": 1733570843,
        "narHash": "sha256-sQJAxY1TYWD1UyibN/FnN97paTFuwBw3Vp3DNCyKsMk=",
        "owner": "LnL7",
        "repo": "nix-darwin",
        "rev": "a35b08d09efda83625bef267eb24347b446c80b8",
        "type": "github"
      },
      "original": {
        "owner": "LnL7",
        "ref": "master",
        "repo": "nix-darwin",
        "type": "github"
      }
    },
    "flake-compat": {
      "flake": false,
      "locked": {
        "lastModified": 1733328505,
        "narHash": "sha256-NeCCThCEP3eCl2l/+27kNNK7QrwZB1IJCrXfrbv5oqU=",
        "owner": "edolstra",
        "repo": "flake-compat",
        "rev": "ff81ac966bb2cae68946d5ed5fc4994f96d0ffec",
        "type": "github"
      },
      "original": {
        "owner": "edolstra",
        "repo": "flake-compat",
        "type": "github"
      }
    },
    "flake-parts": {
      "inputs": {
        "nixpkgs-lib": [
          "nixpkgs"
        ]
      },
      "locked": {
        "lastModified": 1733312601,
        "narHash": "sha256-4pDvzqnegAfRkPwO3wmwBhVi/Sye1mzps0zHWYnP88c=",
        "owner": "hercules-ci",
        "repo": "flake-parts",
        "rev": "205b12d8b7cd4802fbcb8e8ef6a0f1408781a4f9",
        "type": "github"
      },
      "original": {
        "owner": "hercules-ci",
        "repo": "flake-parts",
        "type": "github"
      }
    },
    "flake-utils": {
      "inputs": {
        "systems": "systems"
      },
      "locked": {
        "lastModified": 1710146030,
        "narHash": "sha256-SZ5L6eA7HJ/nmkzGG7/ISclqe6oZdOZTNoesiInkXPQ=",
        "owner": "numtide",
        "repo": "flake-utils",
        "rev": "b1d9ab70662946ef0850d488da1c9019f3a9752a",
        "type": "github"
      },
      "original": {
        "owner": "numtide",
        "repo": "flake-utils",
        "type": "github"
      }
    },
    "home-manager": {
      "inputs": {
        "nixpkgs": [
          "nixpkgs"
        ]
      },
      "locked": {
        "lastModified": 1734893686,
        "narHash": "sha256-JUEZn9MmpLGsW4J3luSX+R4BhcThccYpYg5AuKW7zG0=",
        "owner": "nix-community",
        "repo": "home-manager",
        "rev": "edb8b00e4d17b2116b60eca50f38ac68f12b9ab4",
        "type": "github"
      },
      "original": {
        "owner": "nix-community",
        "repo": "home-manager",
        "type": "github"
      }
    },
    "master": {
      "locked": {
        "lastModified": 1734929581,
        "narHash": "sha256-MPbEtzVqTf5hW4s9X4R4hOUAd9QS5CO2fLnpF+9x7/M=",
        "owner": "NixOS",
        "repo": "nixpkgs",
        "rev": "451114893a28adbdda1f7a4d0266990c3bc64228",
        "type": "github"
      },
      "original": {
        "owner": "NixOS",
        "ref": "master",
        "repo": "nixpkgs",
        "type": "github"
      }
    },
    "nixpkgs": {
      "locked": {
        "lastModified": 1733097829,
        "narHash": "sha256-9hbb1rqGelllb4kVUCZ307G2k3/UhmA8PPGBoyuWaSw=",
        "owner": "nixos",
        "repo": "nixpkgs",
        "rev": "2c15aa59df0017ca140d9ba302412298ab4bf22a",
        "type": "github"
      },
      "original": {
        "owner": "nixos",
        "ref": "nixpkgs-unstable",
        "repo": "nixpkgs",
        "type": "github"
      }
    },
    "opnix": {
      "inputs": {
        "flake-utils": "flake-utils",
        "nixpkgs": [
          "nixpkgs"
        ]
      },
      "locked": {
        "lastModified": 1732579351,
        "narHash": "sha256-oPAtIlJACTUx40y6YcxdDO3i6Pch5WqM2u1R4Ppxp7c=",
        "owner": "mrjones2014",
        "repo": "opnix",
        "rev": "fc3e5954ebf0d6fbf257167b4f4a814c601b91f5",
        "type": "github"
      },
      "original": {
        "owner": "mrjones2014",
        "repo": "opnix",
        "type": "github"
      }
    },
    "root": {
      "inputs": {
        "darwin": "darwin",
        "flake-parts": "flake-parts",
        "home-manager": "home-manager",
        "master": "master",
        "nixpkgs": [
          "unstable"
        ],
        "opnix": "opnix",
        "spicetify-nix": "spicetify-nix",
        "stable": "stable",
        "treefmt-nix": "treefmt-nix",
        "unstable": "unstable"
      }
    },
    "spicetify-nix": {
      "inputs": {
        "flake-compat": "flake-compat",
        "nixpkgs": [
          "nixpkgs"
        ]
      },
      "locked": {
        "lastModified": 1734927365,
        "narHash": "sha256-xuYqPNPPsmb5djiU4odmyTidFQC3TeLe814ubuvXJo4=",
        "owner": "Gerg-L",
        "repo": "spicetify-nix",
        "rev": "678dd4c5c2957f1f359a329ef00e17cbd273bd50",
        "type": "github"
      },
      "original": {
        "owner": "Gerg-L",
        "repo": "spicetify-nix",
        "type": "github"
      }
    },
    "stable": {
      "locked": {
        "lastModified": 1734529975,
        "narHash": "sha256-ze3IJksru9dN0keqUxY0WNf8xrwfs8Ty/z9v/keyBbg=",
        "owner": "NixOS",
        "repo": "nixpkgs",
        "rev": "72d11d40b9878a67c38f003c240c2d2e1811e72a",
        "type": "github"
      },
      "original": {
        "owner": "NixOS",
        "ref": "nixos-24.05",
        "repo": "nixpkgs",
        "type": "github"
      }
    },
    "systems": {
      "locked": {
        "lastModified": 1681028828,
        "narHash": "sha256-Vy1rq5AaRuLzOxct8nz4T6wlgyUR7zLU309k9mBC768=",
        "owner": "nix-systems",
        "repo": "default",
        "rev": "da67096a3b9bf56a91d16901293e51ba5b49a27e",
        "type": "github"
      },
      "original": {
        "owner": "nix-systems",
        "repo": "default",
        "type": "github"
      }
    },
    "treefmt-nix": {
      "inputs": {
        "nixpkgs": "nixpkgs"
      },
      "locked": {
        "lastModified": 1734704479,
        "narHash": "sha256-MMi74+WckoyEWBRcg/oaGRvXC9BVVxDZNRMpL+72wBI=",
        "owner": "numtide",
        "repo": "treefmt-nix",
        "rev": "65712f5af67234dad91a5a4baee986a8b62dbf8f",
        "type": "github"
      },
      "original": {
        "owner": "numtide",
        "repo": "treefmt-nix",
        "type": "github"
      }
    },
    "unstable": {
      "locked": {
        "lastModified": 1734649271,
        "narHash": "sha256-4EVBRhOjMDuGtMaofAIqzJbg4Ql7Ai0PSeuVZTHjyKQ=",
        "owner": "NixOS",
        "repo": "nixpkgs",
        "rev": "d70bd19e0a38ad4790d3913bf08fcbfc9eeca507",
        "type": "github"
      },
      "original": {
        "owner": "NixOS",
        "ref": "nixos-unstable",
        "repo": "nixpkgs",
        "type": "github"
      }
    }
  },
  "root": "root",
  "version": 7
}
